// !$*UTF8*$!
{
	archiveVersion = 1;
	classes = {
	};
	objectVersion = 50;
	objects = {

/* Begin PBXBuildFile section */
		5BE0ED4024A3782300BFD1B0 /* AppDelegate.swift in Sources */ = {isa = PBXBuildFile; fileRef = 5BE0ED3F24A3782300BFD1B0 /* AppDelegate.swift */; };
		5BE0ED4224A3782300BFD1B0 /* SceneDelegate.swift in Sources */ = {isa = PBXBuildFile; fileRef = 5BE0ED4124A3782300BFD1B0 /* SceneDelegate.swift */; };
		5BE0ED4424A3782300BFD1B0 /* ContentView.swift in Sources */ = {isa = PBXBuildFile; fileRef = 5BE0ED4324A3782300BFD1B0 /* ContentView.swift */; };
		5BE0ED4624A3782600BFD1B0 /* Assets.xcassets in Resources */ = {isa = PBXBuildFile; fileRef = 5BE0ED4524A3782600BFD1B0 /* Assets.xcassets */; };
		5BE0ED4924A3782600BFD1B0 /* Preview Assets.xcassets in Resources */ = {isa = PBXBuildFile; fileRef = 5BE0ED4824A3782600BFD1B0 /* Preview Assets.xcassets */; };
		5BE0ED4C24A3782600BFD1B0 /* LaunchScreen.storyboard in Resources */ = {isa = PBXBuildFile; fileRef = 5BE0ED4A24A3782600BFD1B0 /* LaunchScreen.storyboard */; };
		5BE0ED5724A3782700BFD1B0 /* FiddleTests.swift in Sources */ = {isa = PBXBuildFile; fileRef = 5BE0ED5624A3782700BFD1B0 /* FiddleTests.swift */; };
		5BE0ED6224A3782700BFD1B0 /* FiddleUITests.swift in Sources */ = {isa = PBXBuildFile; fileRef = 5BE0ED6124A3782700BFD1B0 /* FiddleUITests.swift */; };
/* End PBXBuildFile section */

/* Begin PBXContainerItemProxy section */
		5BE0ED5324A3782700BFD1B0 /* PBXContainerItemProxy */ = {
			isa = PBXContainerItemProxy;
			containerPortal = 5BE0ED3424A3782200BFD1B0 /* Project object */;
			proxyType = 1;
			remoteGlobalIDString = 5BE0ED3B24A3782200BFD1B0;
			remoteInfo = Fiddle;
		};
		5BE0ED5E24A3782700BFD1B0 /* PBXContainerItemProxy */ = {
			isa = PBXContainerItemProxy;
			containerPortal = 5BE0ED3424A3782200BFD1B0 /* Project object */;
			proxyType = 1;
			remoteGlobalIDString = 5BE0ED3B24A3782200BFD1B0;
			remoteInfo = Fiddle;
		};
/* End PBXContainerItemProxy section */

/* Begin PBXFileReference section */
		5BE0ED3C24A3782200BFD1B0 /* Fiddle.app */ = {isa = PBXFileReference; explicitFileType = wrapper.application; includeInIndex = 0; path = Fiddle.app; sourceTree = BUILT_PRODUCTS_DIR; };
		5BE0ED3F24A3782300BFD1B0 /* AppDelegate.swift */ = {isa = PBXFileReference; lastKnownFileType = sourcecode.swift; path = AppDelegate.swift; sourceTree = "<group>"; };
		5BE0ED4124A3782300BFD1B0 /* SceneDelegate.swift */ = {isa = PBXFileReference; lastKnownFileType = sourcecode.swift; path = SceneDelegate.swift; sourceTree = "<group>"; };
		5BE0ED4324A3782300BFD1B0 /* ContentView.swift */ = {isa = PBXFileReference; lastKnownFileType = sourcecode.swift; path = ContentView.swift; sourceTree = "<group>"; };
		5BE0ED4524A3782600BFD1B0 /* Assets.xcassets */ = {isa = PBXFileReference; lastKnownFileType = folder.assetcatalog; path = Assets.xcassets; sourceTree = "<group>"; };
		5BE0ED4824A3782600BFD1B0 /* Preview Assets.xcassets */ = {isa = PBXFileReference; lastKnownFileType = folder.assetcatalog; path = "Preview Assets.xcassets"; sourceTree = "<group>"; };
		5BE0ED4B24A3782600BFD1B0 /* Base */ = {isa = PBXFileReference; lastKnownFileType = file.storyboard; name = Base; path = Base.lproj/LaunchScreen.storyboard; sourceTree = "<group>"; };
		5BE0ED4D24A3782600BFD1B0 /* Info.plist */ = {isa = PBXFileReference; lastKnownFileType = text.plist.xml; path = Info.plist; sourceTree = "<group>"; };
		5BE0ED5224A3782700BFD1B0 /* FiddleTests.xctest */ = {isa = PBXFileReference; explicitFileType = wrapper.cfbundle; includeInIndex = 0; path = FiddleTests.xctest; sourceTree = BUILT_PRODUCTS_DIR; };
		5BE0ED5624A3782700BFD1B0 /* FiddleTests.swift */ = {isa = PBXFileReference; lastKnownFileType = sourcecode.swift; path = FiddleTests.swift; sourceTree = "<group>"; };
		5BE0ED5824A3782700BFD1B0 /* Info.plist */ = {isa = PBXFileReference; lastKnownFileType = text.plist.xml; path = Info.plist; sourceTree = "<group>"; };
		5BE0ED5D24A3782700BFD1B0 /* FiddleUITests.xctest */ = {isa = PBXFileReference; explicitFileType = wrapper.cfbundle; includeInIndex = 0; path = FiddleUITests.xctest; sourceTree = BUILT_PRODUCTS_DIR; };
		5BE0ED6124A3782700BFD1B0 /* FiddleUITests.swift */ = {isa = PBXFileReference; lastKnownFileType = sourcecode.swift; path = FiddleUITests.swift; sourceTree = "<group>"; };
		5BE0ED6324A3782700BFD1B0 /* Info.plist */ = {isa = PBXFileReference; lastKnownFileType = text.plist.xml; path = Info.plist; sourceTree = "<group>"; };
/* End PBXFileReference section */

/* Begin PBXFrameworksBuildPhase section */
		5BE0ED3924A3782200BFD1B0 /* Frameworks */ = {
			isa = PBXFrameworksBuildPhase;
			buildActionMask = 2147483647;
			files = (
			);
			runOnlyForDeploymentPostprocessing = 0;
		};
		5BE0ED4F24A3782700BFD1B0 /* Frameworks */ = {
			isa = PBXFrameworksBuildPhase;
			buildActionMask = 2147483647;
			files = (
			);
			runOnlyForDeploymentPostprocessing = 0;
		};
		5BE0ED5A24A3782700BFD1B0 /* Frameworks */ = {
			isa = PBXFrameworksBuildPhase;
			buildActionMask = 2147483647;
			files = (
			);
			runOnlyForDeploymentPostprocessing = 0;
		};
/* End PBXFrameworksBuildPhase section */

/* Begin PBXGroup section */
		5BE0ED3324A3782200BFD1B0 = {
			isa = PBXGroup;
			children = (
				5BE0ED3E24A3782300BFD1B0 /* Fiddle */,
				5BE0ED5524A3782700BFD1B0 /* FiddleTests */,
				5BE0ED6024A3782700BFD1B0 /* FiddleUITests */,
				5BE0ED3D24A3782200BFD1B0 /* Products */,
			);
			sourceTree = "<group>";
		};
		5BE0ED3D24A3782200BFD1B0 /* Products */ = {
			isa = PBXGroup;
			children = (
				5BE0ED3C24A3782200BFD1B0 /* Fiddle.app */,
				5BE0ED5224A3782700BFD1B0 /* FiddleTests.xctest */,
				5BE0ED5D24A3782700BFD1B0 /* FiddleUITests.xctest */,
			);
			name = Products;
			sourceTree = "<group>";
		};
		5BE0ED3E24A3782300BFD1B0 /* Fiddle */ = {
			isa = PBXGroup;
			children = (
				5BE0ED3F24A3782300BFD1B0 /* AppDelegate.swift */,
				5BE0ED4124A3782300BFD1B0 /* SceneDelegate.swift */,
				5BE0ED4324A3782300BFD1B0 /* ContentView.swift */,
				5BE0ED4524A3782600BFD1B0 /* Assets.xcassets */,
				5BE0ED4A24A3782600BFD1B0 /* LaunchScreen.storyboard */,
				5BE0ED4D24A3782600BFD1B0 /* Info.plist */,
				5BE0ED4724A3782600BFD1B0 /* Preview Content */,
			);
			path = Fiddle;
			sourceTree = "<group>";
		};
		5BE0ED4724A3782600BFD1B0 /* Preview Content */ = {
			isa = PBXGroup;
			children = (
				5BE0ED4824A3782600BFD1B0 /* Preview Assets.xcassets */,
			);
			path = "Preview Content";
			sourceTree = "<group>";
		};
		5BE0ED5524A3782700BFD1B0 /* FiddleTests */ = {
			isa = PBXGroup;
			children = (
				5BE0ED5624A3782700BFD1B0 /* FiddleTests.swift */,
				5BE0ED5824A3782700BFD1B0 /* Info.plist */,
			);
			path = FiddleTests;
			sourceTree = "<group>";
		};
		5BE0ED6024A3782700BFD1B0 /* FiddleUITests */ = {
			isa = PBXGroup;
			children = (
				5BE0ED6124A3782700BFD1B0 /* FiddleUITests.swift */,
				5BE0ED6324A3782700BFD1B0 /* Info.plist */,
			);
			path = FiddleUITests;
			sourceTree = "<group>";
		};
/* End PBXGroup section */

/* Begin PBXNativeTarget section */
		5BE0ED3B24A3782200BFD1B0 /* Fiddle */ = {
			isa = PBXNativeTarget;
			buildConfigurationList = 5BE0ED6624A3782700BFD1B0 /* Build configuration list for PBXNativeTarget "Fiddle" */;
			buildPhases = (
				5BE0ED3824A3782200BFD1B0 /* Sources */,
				5BE0ED3924A3782200BFD1B0 /* Frameworks */,
				5BE0ED3A24A3782200BFD1B0 /* Resources */,
			);
			buildRules = (
			);
			dependencies = (
			);
			name = Fiddle;
			productName = Fiddle;
			productReference = 5BE0ED3C24A3782200BFD1B0 /* Fiddle.app */;
			productType = "com.apple.product-type.application";
		};
		5BE0ED5124A3782700BFD1B0 /* FiddleTests */ = {
			isa = PBXNativeTarget;
			buildConfigurationList = 5BE0ED6924A3782700BFD1B0 /* Build configuration list for PBXNativeTarget "FiddleTests" */;
			buildPhases = (
				5BE0ED4E24A3782700BFD1B0 /* Sources */,
				5BE0ED4F24A3782700BFD1B0 /* Frameworks */,
				5BE0ED5024A3782700BFD1B0 /* Resources */,
			);
			buildRules = (
			);
			dependencies = (
				5BE0ED5424A3782700BFD1B0 /* PBXTargetDependency */,
			);
			name = FiddleTests;
			productName = FiddleTests;
			productReference = 5BE0ED5224A3782700BFD1B0 /* FiddleTests.xctest */;
			productType = "com.apple.product-type.bundle.unit-test";
		};
		5BE0ED5C24A3782700BFD1B0 /* FiddleUITests */ = {
			isa = PBXNativeTarget;
			buildConfigurationList = 5BE0ED6C24A3782700BFD1B0 /* Build configuration list for PBXNativeTarget "FiddleUITests" */;
			buildPhases = (
				5BE0ED5924A3782700BFD1B0 /* Sources */,
				5BE0ED5A24A3782700BFD1B0 /* Frameworks */,
				5BE0ED5B24A3782700BFD1B0 /* Resources */,
			);
			buildRules = (
			);
			dependencies = (
				5BE0ED5F24A3782700BFD1B0 /* PBXTargetDependency */,
			);
			name = FiddleUITests;
			productName = FiddleUITests;
			productReference = 5BE0ED5D24A3782700BFD1B0 /* FiddleUITests.xctest */;
			productType = "com.apple.product-type.bundle.ui-testing";
		};
/* End PBXNativeTarget section */

/* Begin PBXProject section */
		5BE0ED3424A3782200BFD1B0 /* Project object */ = {
			isa = PBXProject;
			attributes = {
				LastSwiftUpdateCheck = 1150;
				LastUpgradeCheck = 1150;
				ORGANIZATIONNAME = "Asad Mansoor";
				TargetAttributes = {
					5BE0ED3B24A3782200BFD1B0 = {
						CreatedOnToolsVersion = 11.5;
					};
					5BE0ED5124A3782700BFD1B0 = {
						CreatedOnToolsVersion = 11.5;
						TestTargetID = 5BE0ED3B24A3782200BFD1B0;
					};
					5BE0ED5C24A3782700BFD1B0 = {
						CreatedOnToolsVersion = 11.5;
						TestTargetID = 5BE0ED3B24A3782200BFD1B0;
					};
				};
			};
			buildConfigurationList = 5BE0ED3724A3782200BFD1B0 /* Build configuration list for PBXProject "Fiddle" */;
			compatibilityVersion = "Xcode 9.3";
			developmentRegion = en;
			hasScannedForEncodings = 0;
			knownRegions = (
				en,
				Base,
			);
			mainGroup = 5BE0ED3324A3782200BFD1B0;
			productRefGroup = 5BE0ED3D24A3782200BFD1B0 /* Products */;
			projectDirPath = "";
			projectRoot = "";
			targets = (
				5BE0ED3B24A3782200BFD1B0 /* Fiddle */,
				5BE0ED5124A3782700BFD1B0 /* FiddleTests */,
				5BE0ED5C24A3782700BFD1B0 /* FiddleUITests */,
			);
		};
/* End PBXProject section */

/* Begin PBXResourcesBuildPhase section */
		5BE0ED3A24A3782200BFD1B0 /* Resources */ = {
			isa = PBXResourcesBuildPhase;
			buildActionMask = 2147483647;
			files = (
				5BE0ED4C24A3782600BFD1B0 /* LaunchScreen.storyboard in Resources */,
				5BE0ED4924A3782600BFD1B0 /* Preview Assets.xcassets in Resources */,
				5BE0ED4624A3782600BFD1B0 /* Assets.xcassets in Resources */,
			);
			runOnlyForDeploymentPostprocessing = 0;
		};
		5BE0ED5024A3782700BFD1B0 /* Resources */ = {
			isa = PBXResourcesBuildPhase;
			buildActionMask = 2147483647;
			files = (
			);
			runOnlyForDeploymentPostprocessing = 0;
		};
		5BE0ED5B24A3782700BFD1B0 /* Resources */ = {
			isa = PBXResourcesBuildPhase;
			buildActionMask = 2147483647;
			files = (
			);
			runOnlyForDeploymentPostprocessing = 0;
		};
/* End PBXResourcesBuildPhase section */

/* Begin PBXSourcesBuildPhase section */
		5BE0ED3824A3782200BFD1B0 /* Sources */ = {
			isa = PBXSourcesBuildPhase;
			buildActionMask = 2147483647;
			files = (
				5BE0ED4024A3782300BFD1B0 /* AppDelegate.swift in Sources */,
				5BE0ED4224A3782300BFD1B0 /* SceneDelegate.swift in Sources */,
				5BE0ED4424A3782300BFD1B0 /* ContentView.swift in Sources */,
			);
			runOnlyForDeploymentPostprocessing = 0;
		};
		5BE0ED4E24A3782700BFD1B0 /* Sources */ = {
			isa = PBXSourcesBuildPhase;
			buildActionMask = 2147483647;
			files = (
				5BE0ED5724A3782700BFD1B0 /* FiddleTests.swift in Sources */,
			);
			runOnlyForDeploymentPostprocessing = 0;
		};
		5BE0ED5924A3782700BFD1B0 /* Sources */ = {
			isa = PBXSourcesBuildPhase;
			buildActionMask = 2147483647;
			files = (
				5BE0ED6224A3782700BFD1B0 /* FiddleUITests.swift in Sources */,
			);
			runOnlyForDeploymentPostprocessing = 0;
		};
/* End PBXSourcesBuildPhase section */

/* Begin PBXTargetDependency section */
		5BE0ED5424A3782700BFD1B0 /* PBXTargetDependency */ = {
			isa = PBXTargetDependency;
			target = 5BE0ED3B24A3782200BFD1B0 /* Fiddle */;
			targetProxy = 5BE0ED5324A3782700BFD1B0 /* PBXContainerItemProxy */;
		};
		5BE0ED5F24A3782700BFD1B0 /* PBXTargetDependency */ = {
			isa = PBXTargetDependency;
			target = 5BE0ED3B24A3782200BFD1B0 /* Fiddle */;
			targetProxy = 5BE0ED5E24A3782700BFD1B0 /* PBXContainerItemProxy */;
		};
/* End PBXTargetDependency section */

/* Begin PBXVariantGroup section */
		5BE0ED4A24A3782600BFD1B0 /* LaunchScreen.storyboard */ = {
			isa = PBXVariantGroup;
			children = (
				5BE0ED4B24A3782600BFD1B0 /* Base */,
			);
			name = LaunchScreen.storyboard;
			sourceTree = "<group>";
		};
/* End PBXVariantGroup section */

/* Begin XCBuildConfiguration section */
		5BE0ED6424A3782700BFD1B0 /* Debug */ = {
			isa = XCBuildConfiguration;
			buildSettings = {
				ALWAYS_SEARCH_USER_PATHS = NO;
				CLANG_ANALYZER_NONNULL = YES;
				CLANG_ANALYZER_NUMBER_OBJECT_CONVERSION = YES_AGGRESSIVE;
				CLANG_CXX_LANGUAGE_STANDARD = "gnu++14";
				CLANG_CXX_LIBRARY = "libc++";
				CLANG_ENABLE_MODULES = YES;
				CLANG_ENABLE_OBJC_ARC = YES;
				CLANG_ENABLE_OBJC_WEAK = YES;
				CLANG_WARN_BLOCK_CAPTURE_AUTORELEASING = YES;
				CLANG_WARN_BOOL_CONVERSION = YES;
				CLANG_WARN_COMMA = YES;
				CLANG_WARN_CONSTANT_CONVERSION = YES;
				CLANG_WARN_DEPRECATED_OBJC_IMPLEMENTATIONS = YES;
				CLANG_WARN_DIRECT_OBJC_ISA_USAGE = YES_ERROR;
				CLANG_WARN_DOCUMENTATION_COMMENTS = YES;
				CLANG_WARN_EMPTY_BODY = YES;
				CLANG_WARN_ENUM_CONVERSION = YES;
				CLANG_WARN_INFINITE_RECURSION = YES;
				CLANG_WARN_INT_CONVERSION = YES;
				CLANG_WARN_NON_LITERAL_NULL_CONVERSION = YES;
				CLANG_WARN_OBJC_IMPLICIT_RETAIN_SELF = YES;
				CLANG_WARN_OBJC_LITERAL_CONVERSION = YES;
				CLANG_WARN_OBJC_ROOT_CLASS = YES_ERROR;
				CLANG_WARN_RANGE_LOOP_ANALYSIS = YES;
				CLANG_WARN_STRICT_PROTOTYPES = YES;
				CLANG_WARN_SUSPICIOUS_MOVE = YES;
				CLANG_WARN_UNGUARDED_AVAILABILITY = YES_AGGRESSIVE;
				CLANG_WARN_UNREACHABLE_CODE = YES;
				CLANG_WARN__DUPLICATE_METHOD_MATCH = YES;
				COPY_PHASE_STRIP = NO;
				DEBUG_INFORMATION_FORMAT = dwarf;
				ENABLE_STRICT_OBJC_MSGSEND = YES;
				ENABLE_TESTABILITY = YES;
				GCC_C_LANGUAGE_STANDARD = gnu11;
				GCC_DYNAMIC_NO_PIC = NO;
				GCC_NO_COMMON_BLOCKS = YES;
				GCC_OPTIMIZATION_LEVEL = 0;
				GCC_PREPROCESSOR_DEFINITIONS = (
					"DEBUG=1",
					"$(inherited)",
				);
				GCC_WARN_64_TO_32_BIT_CONVERSION = YES;
				GCC_WARN_ABOUT_RETURN_TYPE = YES_ERROR;
				GCC_WARN_UNDECLARED_SELECTOR = YES;
				GCC_WARN_UNINITIALIZED_AUTOS = YES_AGGRESSIVE;
				GCC_WARN_UNUSED_FUNCTION = YES;
				GCC_WARN_UNUSED_VARIABLE = YES;
				IPHONEOS_DEPLOYMENT_TARGET = 13.5;
				MTL_ENABLE_DEBUG_INFO = INCLUDE_SOURCE;
				MTL_FAST_MATH = YES;
				ONLY_ACTIVE_ARCH = YES;
				SDKROOT = iphoneos;
				SWIFT_ACTIVE_COMPILATION_CONDITIONS = DEBUG;
				SWIFT_OPTIMIZATION_LEVEL = "-Onone";
			};
			name = Debug;
		};
		5BE0ED6524A3782700BFD1B0 /* Release */ = {
			isa = XCBuildConfiguration;
			buildSettings = {
				ALWAYS_SEARCH_USER_PATHS = NO;
				CLANG_ANALYZER_NONNULL = YES;
				CLANG_ANALYZER_NUMBER_OBJECT_CONVERSION = YES_AGGRESSIVE;
				CLANG_CXX_LANGUAGE_STANDARD = "gnu++14";
				CLANG_CXX_LIBRARY = "libc++";
				CLANG_ENABLE_MODULES = YES;
				CLANG_ENABLE_OBJC_ARC = YES;
				CLANG_ENABLE_OBJC_WEAK = YES;
				CLANG_WARN_BLOCK_CAPTURE_AUTORELEASING = YES;
				CLANG_WARN_BOOL_CONVERSION = YES;
				CLANG_WARN_COMMA = YES;
				CLANG_WARN_CONSTANT_CONVERSION = YES;
				CLANG_WARN_DEPRECATED_OBJC_IMPLEMENTATIONS = YES;
				CLANG_WARN_DIRECT_OBJC_ISA_USAGE = YES_ERROR;
				CLANG_WARN_DOCUMENTATION_COMMENTS = YES;
				CLANG_WARN_EMPTY_BODY = YES;
				CLANG_WARN_ENUM_CONVERSION = YES;
				CLANG_WARN_INFINITE_RECURSION = YES;
				CLANG_WARN_INT_CONVERSION = YES;
				CLANG_WARN_NON_LITERAL_NULL_CONVERSION = YES;
				CLANG_WARN_OBJC_IMPLICIT_RETAIN_SELF = YES;
				CLANG_WARN_OBJC_LITERAL_CONVERSION = YES;
				CLANG_WARN_OBJC_ROOT_CLASS = YES_ERROR;
				CLANG_WARN_RANGE_LOOP_ANALYSIS = YES;
				CLANG_WARN_STRICT_PROTOTYPES = YES;
				CLANG_WARN_SUSPICIOUS_MOVE = YES;
				CLANG_WARN_UNGUARDED_AVAILABILITY = YES_AGGRESSIVE;
				CLANG_WARN_UNREACHABLE_CODE = YES;
				CLANG_WARN__DUPLICATE_METHOD_MATCH = YES;
				COPY_PHASE_STRIP = NO;
				DEBUG_INFORMATION_FORMAT = "dwarf-with-dsym";
				ENABLE_NS_ASSERTIONS = NO;
				ENABLE_STRICT_OBJC_MSGSEND = YES;
				GCC_C_LANGUAGE_STANDARD = gnu11;
				GCC_NO_COMMON_BLOCKS = YES;
				GCC_WARN_64_TO_32_BIT_CONVERSION = YES;
				GCC_WARN_ABOUT_RETURN_TYPE = YES_ERROR;
				GCC_WARN_UNDECLARED_SELECTOR = YES;
				GCC_WARN_UNINITIALIZED_AUTOS = YES_AGGRESSIVE;
				GCC_WARN_UNUSED_FUNCTION = YES;
				GCC_WARN_UNUSED_VARIABLE = YES;
				IPHONEOS_DEPLOYMENT_TARGET = 13.5;
				MTL_ENABLE_DEBUG_INFO = NO;
				MTL_FAST_MATH = YES;
				SDKROOT = iphoneos;
				SWIFT_COMPILATION_MODE = wholemodule;
				SWIFT_OPTIMIZATION_LEVEL = "-O";
				VALIDATE_PRODUCT = YES;
			};
			name = Release;
		};
		5BE0ED6724A3782700BFD1B0 /* Debug */ = {
			isa = XCBuildConfiguration;
			buildSettings = {
				ASSETCATALOG_COMPILER_APPICON_NAME = AppIcon;
				CODE_SIGN_STYLE = Automatic;
				DEVELOPMENT_ASSET_PATHS = "\"Fiddle/Preview Content\"";
				DEVELOPMENT_TEAM = 4XZN63RTKN;
				ENABLE_PREVIEWS = YES;
				INFOPLIST_FILE = Fiddle/Info.plist;
				IPHONEOS_DEPLOYMENT_TARGET = 13.1;
				LD_RUNPATH_SEARCH_PATHS = (
					"$(inherited)",
					"@executable_path/Frameworks",
				);
				PRODUCT_BUNDLE_IDENTIFIER = com.asadmansoor.Fiddle;
				PRODUCT_NAME = "$(TARGET_NAME)";
				SWIFT_VERSION = 5.0;
				TARGETED_DEVICE_FAMILY = 1;
			};
			name = Debug;
		};
		5BE0ED6824A3782700BFD1B0 /* Release */ = {
			isa = XCBuildConfiguration;
			buildSettings = {
				ASSETCATALOG_COMPILER_APPICON_NAME = AppIcon;
				CODE_SIGN_STYLE = Automatic;
				DEVELOPMENT_ASSET_PATHS = "\"Fiddle/Preview Content\"";
				DEVELOPMENT_TEAM = 4XZN63RTKN;
				ENABLE_PREVIEWS = YES;
				INFOPLIST_FILE = Fiddle/Info.plist;
				IPHONEOS_DEPLOYMENT_TARGET = 13.1;
				LD_RUNPATH_SEARCH_PATHS = (
					"$(inherited)",
					"@executable_path/Frameworks",
				);
				PRODUCT_BUNDLE_IDENTIFIER = com.asadmansoor.Fiddle;
				PRODUCT_NAME = "$(TARGET_NAME)";
				SWIFT_VERSION = 5.0;
				TARGETED_DEVICE_FAMILY = 1;
			};
			name = Release;
		};
		5BE0ED6A24A3782700BFD1B0 /* Debug */ = {
			isa = XCBuildConfiguration;
			buildSettings = {
				ALWAYS_EMBED_SWIFT_STANDARD_LIBRARIES = YES;
				BUNDLE_LOADER = "$(TEST_HOST)";
				CODE_SIGN_STYLE = Automatic;
				DEVELOPMENT_TEAM = 4XZN63RTKN;
				INFOPLIST_FILE = FiddleTests/Info.plist;
				IPHONEOS_DEPLOYMENT_TARGET = 13.5;
				LD_RUNPATH_SEARCH_PATHS = (
					"$(inherited)",
					"@executable_path/Frameworks",
					"@loader_path/Frameworks",
				);
				PRODUCT_BUNDLE_IDENTIFIER = com.asadmansoor.FiddleTests;
				PRODUCT_NAME = "$(TARGET_NAME)";
				SWIFT_VERSION = 5.0;
				TARGETED_DEVICE_FAMILY = "1,2";
				TEST_HOST = "$(BUILT_PRODUCTS_DIR)/Fiddle.app/Fiddle";
			};
			name = Debug;
		};
		5BE0ED6B24A3782700BFD1B0 /* Release */ = {
			isa = XCBuildConfiguration;
			buildSettings = {
				ALWAYS_EMBED_SWIFT_STANDARD_LIBRARIES = YES;
				BUNDLE_LOADER = "$(TEST_HOST)";
				CODE_SIGN_STYLE = Automatic;
				DEVELOPMENT_TEAM = 4XZN63RTKN;
				INFOPLIST_FILE = FiddleTests/Info.plist;
				IPHONEOS_DEPLOYMENT_TARGET = 13.5;
				LD_RUNPATH_SEARCH_PATHS = (
					"$(inherited)",
					"@executable_path/Frameworks",
					"@loader_path/Frameworks",
				);
				PRODUCT_BUNDLE_IDENTIFIER = com.asadmansoor.FiddleTests;
				PRODUCT_NAME = "$(TARGET_NAME)";
				SWIFT_VERSION = 5.0;
				TARGETED_DEVICE_FAMILY = "1,2";
				TEST_HOST = "$(BUILT_PRODUCTS_DIR)/Fiddle.app/Fiddle";
			};
			name = Release;
		};
		5BE0ED6D24A3782700BFD1B0 /* Debug */ = {
			isa = XCBuildConfiguration;
			buildSettings = {
				ALWAYS_EMBED_SWIFT_STANDARD_LIBRARIES = YES;
				CODE_SIGN_STYLE = Automatic;
				DEVELOPMENT_TEAM = 4XZN63RTKN;
				INFOPLIST_FILE = FiddleUITests/Info.plist;
				LD_RUNPATH_SEARCH_PATHS = (
					"$(inherited)",
					"@executable_path/Frameworks",
					"@loader_path/Frameworks",
				);
				PRODUCT_BUNDLE_IDENTIFIER = com.asadmansoor.FiddleUITests;
				PRODUCT_NAME = "$(TARGET_NAME)";
				SWIFT_VERSION = 5.0;
				TARGETED_DEVICE_FAMILY = "1,2";
				TEST_TARGET_NAME = Fiddle;
			};
			name = Debug;
		};
		5BE0ED6E24A3782700BFD1B0 /* Release */ = {
			isa = XCBuildConfiguration;
			buildSettings = {
				ALWAYS_EMBED_SWIFT_STANDARD_LIBRARIES = YES;
				CODE_SIGN_STYLE = Automatic;
				DEVELOPMENT_TEAM = 4XZN63RTKN;
				INFOPLIST_FILE = FiddleUITests/Info.plist;
				LD_RUNPATH_SEARCH_PATHS = (
					"$(inherited)",
					"@executable_path/Frameworks",
					"@loader_path/Frameworks",
				);
				PRODUCT_BUNDLE_IDENTIFIER = com.asadmansoor.FiddleUITests;
				PRODUCT_NAME = "$(TARGET_NAME)";
				SWIFT_VERSION = 5.0;
				TARGETED_DEVICE_FAMILY = "1,2";
				TEST_TARGET_NAME = Fiddle;
			};
			name = Release;
		};
/* End XCBuildConfiguration section */

/* Begin XCConfigurationList section */
		5BE0ED3724A3782200BFD1B0 /* Build configuration list for PBXProject "Fiddle" */ = {
			isa = XCConfigurationList;
			buildConfigurations = (
				5BE0ED6424A3782700BFD1B0 /* Debug */,
				5BE0ED6524A3782700BFD1B0 /* Release */,
			);
			defaultConfigurationIsVisible = 0;
			defaultConfigurationName = Release;
		};
		5BE0ED6624A3782700BFD1B0 /* Build configuration list for PBXNativeTarget "Fiddle" */ = {
			isa = XCConfigurationList;
			buildConfigurations = (
				5BE0ED6724A3782700BFD1B0 /* Debug */,
				5BE0ED6824A3782700BFD1B0 /* Release */,
			);
			defaultConfigurationIsVisible = 0;
			defaultConfigurationName = Release;
		};
		5BE0ED6924A3782700BFD1B0 /* Build configuration list for PBXNativeTarget "FiddleTests" */ = {
			isa = XCConfigurationList;
			buildConfigurations = (
				5BE0ED6A24A3782700BFD1B0 /* Debug */,
				5BE0ED6B24A3782700BFD1B0 /* Release */,
			);
			defaultConfigurationIsVisible = 0;
			defaultConfigurationName = Release;
		};
		5BE0ED6C24A3782700BFD1B0 /* Build configuration list for PBXNativeTarget "FiddleUITests" */ = {
			isa = XCConfigurationList;
			buildConfigurations = (
				5BE0ED6D24A3782700BFD1B0 /* Debug */,
				5BE0ED6E24A3782700BFD1B0 /* Release */,
			);
			defaultConfigurationIsVisible = 0;
			defaultConfigurationName = Release;
		};
/* End XCConfigurationList section */
	};
	rootObject = 5BE0ED3424A3782200BFD1B0 /* Project object */;
}
